
Microsoft Visual Studio Solution File, Format Version 12.00
# Visual Studio Version 17
VisualStudioVersion = 17.3.32929.385
MinimumVisualStudioVersion = 10.0.40219.1
Project("{FAE04EC0-301F-11D3-BF4B-00C04F79EFBC}") = "Regeneration", "Regeneration\Regeneration.csproj", "{0C6B2DAC-A90A-4504-9E0C-A9D8BBC0D64E}"
EndProject
Global
	GlobalSection(SolutionConfigurationPlatforms) = preSolution
		Debug|Any CPU = Debug|Any CPU
		Release|Any CPU = Release|Any CPU
	EndGlobalSection
	GlobalSection(ProjectConfigurationPlatforms) = postSolution
		{0C6B2DAC-A90A-4504-9E0C-A9D8BBC0D64E}.Debug|Any CPU.ActiveCfg = Debug|Any CPU
		{0C6B2DAC-A90A-4504-9E0C-A9D8BBC0D64E}.Debug|Any CPU.Build.0 = Debug|Any CPU
		{0C6B2DAC-A90A-4504-9E0C-A9D8BBC0D64E}.Release|Any CPU.ActiveCfg = Release|Any CPU
		{0C6B2DAC-A90A-4504-9E0C-A9D8BBC0D64E}.Release|Any CPU.Build.0 = Release|Any CPU
	EndGlobalSection
	GlobalSection(SolutionProperties) = preSolution
		HideSolutionNode = FALSE
	EndGlobalSection
	GlobalSection(ExtensibilityGlobals) = postSolution
		SolutionGuid = {B6FD2428-983B-4336-A66E-C7E62C093372}
	EndGlobalSection
EndGlobal
